
Microsoft Visual Studio Solution File, Format Version 12.00
# Visual Studio 15
Project("{FAE04EC0-301F-11D3-BF4B-00C04F79EFBC}") = "Assembly-CSharp", "Assembly-CSharp.csproj", "{CDCA4776-F5F1-5A0A-8AEB-23A5FD75FACD}"
EndProject
Project("{FAE04EC0-301F-11D3-BF4B-00C04F79EFBC}") = "AimingRig", "AimingRig.csproj", "{C028D417-5F6A-F926-51F6-143708FA72F7}"
EndProject
Global
	GlobalSection(SolutionConfigurationPlatforms) = preSolution
		Debug|Any CPU = Debug|Any CPU
		Release|Any CPU = Release|Any CPU
	EndGlobalSection
	GlobalSection(ProjectConfigurationPlatforms) = postSolution
		{CDCA4776-F5F1-5A0A-8AEB-23A5FD75FACD}.Debug|Any CPU.ActiveCfg = Debug|Any CPU
		{CDCA4776-F5F1-5A0A-8AEB-23A5FD75FACD}.Debug|Any CPU.Build.0 = Debug|Any CPU
		{CDCA4776-F5F1-5A0A-8AEB-23A5FD75FACD}.Release|Any CPU.ActiveCfg = Release|Any CPU
		{CDCA4776-F5F1-5A0A-8AEB-23A5FD75FACD}.Release|Any CPU.Build.0 = Release|Any CPU
		{C028D417-5F6A-F926-51F6-143708FA72F7}.Debug|Any CPU.ActiveCfg = Debug|Any CPU
		{C028D417-5F6A-F926-51F6-143708FA72F7}.Debug|Any CPU.Build.0 = Debug|Any CPU
		{C028D417-5F6A-F926-51F6-143708FA72F7}.Release|Any CPU.ActiveCfg = Release|Any CPU
		{C028D417-5F6A-F926-51F6-143708FA72F7}.Release|Any CPU.Build.0 = Release|Any CPU
	EndGlobalSection
	GlobalSection(SolutionProperties) = preSolution
		HideSolutionNode = FALSE
	EndGlobalSection
EndGlobal
